
Microsoft Visual Studio Solution File, Format Version 12.00
# Visual Studio Version 17
VisualStudioVersion = 17.6.33815.320
MinimumVisualStudioVersion = 10.0.40219.1
Project("{FAE04EC0-301F-11D3-BF4B-00C04F79EFBC}") = "BestHTTP", "BestHTTP.csproj", "{564DDB4D-34D6-6C36-674F-AC8DEEE2E77D}"
EndProject
Project("{FAE04EC0-301F-11D3-BF4B-00C04F79EFBC}") = "Assembly-CSharp", "Assembly-CSharp.csproj", "{BEB26363-517D-4E06-9FB5-8F9899D2A060}"
EndProject
Project("{FAE04EC0-301F-11D3-BF4B-00C04F79EFBC}") = "Assembly-CSharp-Editor", "Assembly-CSharp-Editor.csproj", "{BC8A156D-FE39-E0FA-C5A2-A2D4E7D23871}"
EndProject
Project("{9A19103F-16F7-4668-BE54-9A1E7A4F7556}") = "ColorChessModel", "..\ColorChessModel\ColorChessModel.csproj", "{9AB687D7-87B3-47F5-9A42-5F8B4542AA5F}"
EndProject
Project("{FAE04EC0-301F-11D3-BF4B-00C04F79EFBC}") = "UnitTestColorChess", "..\UnitTestColorChess\UnitTestColorChess.csproj", "{07BD15CC-0139-4200-9D9B-9DCBFB318767}"
EndProject
Global
	GlobalSection(SolutionConfigurationPlatforms) = preSolution
		Debug|Any CPU = Debug|Any CPU
		Release|Any CPU = Release|Any CPU
	EndGlobalSection
	GlobalSection(ProjectConfigurationPlatforms) = postSolution
		{564DDB4D-34D6-6C36-674F-AC8DEEE2E77D}.Debug|Any CPU.ActiveCfg = Debug|Any CPU
		{564DDB4D-34D6-6C36-674F-AC8DEEE2E77D}.Debug|Any CPU.Build.0 = Debug|Any CPU
		{564DDB4D-34D6-6C36-674F-AC8DEEE2E77D}.Release|Any CPU.ActiveCfg = Release|Any CPU
		{564DDB4D-34D6-6C36-674F-AC8DEEE2E77D}.Release|Any CPU.Build.0 = Release|Any CPU
		{BEB26363-517D-4E06-9FB5-8F9899D2A060}.Debug|Any CPU.ActiveCfg = Debug|Any CPU
		{BEB26363-517D-4E06-9FB5-8F9899D2A060}.Debug|Any CPU.Build.0 = Debug|Any CPU
		{BEB26363-517D-4E06-9FB5-8F9899D2A060}.Release|Any CPU.ActiveCfg = Release|Any CPU
		{BEB26363-517D-4E06-9FB5-8F9899D2A060}.Release|Any CPU.Build.0 = Release|Any CPU
		{BC8A156D-FE39-E0FA-C5A2-A2D4E7D23871}.Debug|Any CPU.ActiveCfg = Debug|Any CPU
		{BC8A156D-FE39-E0FA-C5A2-A2D4E7D23871}.Debug|Any CPU.Build.0 = Debug|Any CPU
		{BC8A156D-FE39-E0FA-C5A2-A2D4E7D23871}.Release|Any CPU.ActiveCfg = Release|Any CPU
		{BC8A156D-FE39-E0FA-C5A2-A2D4E7D23871}.Release|Any CPU.Build.0 = Release|Any CPU
		{9AB687D7-87B3-47F5-9A42-5F8B4542AA5F}.Debug|Any CPU.ActiveCfg = Debug|Any CPU
		{9AB687D7-87B3-47F5-9A42-5F8B4542AA5F}.Debug|Any CPU.Build.0 = Debug|Any CPU
		{9AB687D7-87B3-47F5-9A42-5F8B4542AA5F}.Release|Any CPU.ActiveCfg = Release|Any CPU
		{9AB687D7-87B3-47F5-9A42-5F8B4542AA5F}.Release|Any CPU.Build.0 = Release|Any CPU
		{07BD15CC-0139-4200-9D9B-9DCBFB318767}.Debug|Any CPU.ActiveCfg = Debug|Any CPU
		{07BD15CC-0139-4200-9D9B-9DCBFB318767}.Debug|Any CPU.Build.0 = Debug|Any CPU
		{07BD15CC-0139-4200-9D9B-9DCBFB318767}.Release|Any CPU.ActiveCfg = Release|Any CPU
		{07BD15CC-0139-4200-9D9B-9DCBFB318767}.Release|Any CPU.Build.0 = Release|Any CPU
	EndGlobalSection
	GlobalSection(SolutionProperties) = preSolution
		HideSolutionNode = FALSE
	EndGlobalSection
EndGlobal
